
Microsoft Visual Studio Solution File, Format Version 12.00
# Visual Studio Version 17
VisualStudioVersion = 17.13.35931.197 d17.13
MinimumVisualStudioVersion = 10.0.40219.1
Project("{FAE04EC0-301F-11D3-BF4B-00C04F79EFBC}") = "SimpleAuth", "SimpleAuth.csproj", "{19EB314F-C82F-458F-A6CA-B3A0A9919AA6}"
EndProject
Global
	GlobalSection(SolutionConfigurationPlatforms) = preSolution
		Debug|Any CPU = Debug|Any CPU
		Release|Any CPU = Release|Any CPU
	EndGlobalSection
	GlobalSection(ProjectConfigurationPlatforms) = postSolution
		{19EB314F-C82F-458F-A6CA-B3A0A9919AA6}.Debug|Any CPU.ActiveCfg = Debug|Any CPU
		{19EB314F-C82F-458F-A6CA-B3A0A9919AA6}.Debug|Any CPU.Build.0 = Debug|Any CPU
		{19EB314F-C82F-458F-A6CA-B3A0A9919AA6}.Release|Any CPU.ActiveCfg = Release|Any CPU
		{19EB314F-C82F-458F-A6CA-B3A0A9919AA6}.Release|Any CPU.Build.0 = Release|Any CPU
	EndGlobalSection
	GlobalSection(SolutionProperties) = preSolution
		HideSolutionNode = FALSE
	EndGlobalSection
	GlobalSection(ExtensibilityGlobals) = postSolution
		SolutionGuid = {5B1632DB-34A3-4318-95B6-0368CBFE5D07}
	EndGlobalSection
EndGlobal
